
Microsoft Visual Studio Solution File, Format Version 12.00
# Visual Studio Version 16
VisualStudioVersion = 16.0.30420.98
MinimumVisualStudioVersion = 10.0.40219.1
Project("{9A19103F-16F7-4668-BE54-9A1E7A4F7556}") = "OpenH2.Serialization", "OpenH2.Serialization\OpenH2.Serialization.csproj", "{1EEDDDA6-B51F-4EF6-9DFC-308099E63876}"
EndProject
Project("{FAE04EC0-301F-11D3-BF4B-00C04F79EFBC}") = "OpenH2.Serialization.Tests", "OpenH2.Serialization.Tests\OpenH2.Serialization.Tests.csproj", "{EB2424E3-A878-4167-AF74-484942FC7946}"
EndProject
Global
	GlobalSection(SolutionConfigurationPlatforms) = preSolution
		Debug|Any CPU = Debug|Any CPU
		Release|Any CPU = Release|Any CPU
	EndGlobalSection
	GlobalSection(ProjectConfigurationPlatforms) = postSolution
		{1EEDDDA6-B51F-4EF6-9DFC-308099E63876}.Debug|Any CPU.ActiveCfg = Debug|Any CPU
		{1EEDDDA6-B51F-4EF6-9DFC-308099E63876}.Debug|Any CPU.Build.0 = Debug|Any CPU
		{1EEDDDA6-B51F-4EF6-9DFC-308099E63876}.Release|Any CPU.ActiveCfg = Release|Any CPU
		{1EEDDDA6-B51F-4EF6-9DFC-308099E63876}.Release|Any CPU.Build.0 = Release|Any CPU
		{EB2424E3-A878-4167-AF74-484942FC7946}.Debug|Any CPU.ActiveCfg = Debug|Any CPU
		{EB2424E3-A878-4167-AF74-484942FC7946}.Debug|Any CPU.Build.0 = Debug|Any CPU
		{EB2424E3-A878-4167-AF74-484942FC7946}.Release|Any CPU.ActiveCfg = Release|Any CPU
		{EB2424E3-A878-4167-AF74-484942FC7946}.Release|Any CPU.Build.0 = Release|Any CPU
	EndGlobalSection
	GlobalSection(SolutionProperties) = preSolution
		HideSolutionNode = FALSE
	EndGlobalSection
	GlobalSection(ExtensibilityGlobals) = postSolution
		SolutionGuid = {75AB8C78-5120-4CCE-B1D7-B4F93023D6D4}
	EndGlobalSection
EndGlobal
