
Microsoft Visual Studio Solution File, Format Version 12.00
# Visual Studio Version 16
VisualStudioVersion = 16.0.28917.182
MinimumVisualStudioVersion = 10.0.40219.1
Project("{9A19103F-16F7-4668-BE54-9A1E7A4F7556}") = "OpenH2.Core", "OpenH2.Core\OpenH2.Core.csproj", "{16A95F0B-F26C-4E38-B6F4-E74E351DE580}"
EndProject
Project("{9A19103F-16F7-4668-BE54-9A1E7A4F7556}") = "OpenH2.Core.Tests", "OpenH2.Core.Tests\OpenH2.Core.Tests.csproj", "{9EAEBA4C-6905-4CEC-ADAD-FAAA6CE91D8D}"
EndProject
Project("{9A19103F-16F7-4668-BE54-9A1E7A4F7556}") = "OpenH2.TextureDumper", "OpenH2.TextureDumper\OpenH2.TextureDumper.csproj", "{F592868D-7E27-4845-9795-FF3ABA32E023}"
EndProject
Project("{2150E333-8FDC-42A3-9474-1A3956D46DE8}") = "Tools", "Tools", "{D955C66F-CF2B-4A63-A95F-F8D3F98253DF}"
EndProject
Project("{2150E333-8FDC-42A3-9474-1A3956D46DE8}") = "Core", "Core", "{F8FDF358-B807-4FC4-AB33-13D15FB1B906}"
EndProject
Project("{9A19103F-16F7-4668-BE54-9A1E7A4F7556}") = "OpenH2.ModelDumper", "OpenH2.ModelDumper\OpenH2.ModelDumper.csproj", "{5B4DF6BA-3185-4C16-8541-8DF45307CE97}"
EndProject
Project("{9A19103F-16F7-4668-BE54-9A1E7A4F7556}") = "OpenH2.BspMetaAnalysis", "OpenH2.BspMetaAnalysis\OpenH2.BspMetaAnalysis.csproj", "{65D18C27-0FCF-40D4-8286-AFCE46EAFE59}"
EndProject
Project("{9A19103F-16F7-4668-BE54-9A1E7A4F7556}") = "OpenH2.Rendering", "OpenH2.Rendering\OpenH2.Rendering.csproj", "{7C93C205-BB27-455D-BA11-8E60DEEEB6FB}"
EndProject
Project("{9A19103F-16F7-4668-BE54-9A1E7A4F7556}") = "OpenH2.Foundation", "OpenH2.Foundation\OpenH2.Foundation.csproj", "{0329D7D8-B430-4425-A0D0-F6217398F305}"
EndProject
Project("{2150E333-8FDC-42A3-9474-1A3956D46DE8}") = "Engine", "Engine", "{368A54CE-E383-4154-997F-EA2B46E0AC4A}"
EndProject
Project("{9A19103F-16F7-4668-BE54-9A1E7A4F7556}") = "OpenH2.Engine", "OpenH2.Engine\OpenH2.Engine.csproj", "{7828DCB7-7693-431A-B759-5F3410EA759D}"
EndProject
Project("{9A19103F-16F7-4668-BE54-9A1E7A4F7556}") = "OpenH2.ScenarioExplorer", "OpenH2.ScenarioExplorer\OpenH2.ScenarioExplorer.csproj", "{286CA99C-A233-4F86-BA35-57720BA24758}"
EndProject
Project("{9A19103F-16F7-4668-BE54-9A1E7A4F7556}") = "OpenH2.AvaloniaControls", "OpenH2.Avalonia\OpenH2.AvaloniaControls.csproj", "{0B79EE83-E45A-427B-A0A8-5C1C262C83DC}"
EndProject
Project("{2150E333-8FDC-42A3-9474-1A3956D46DE8}") = "_Solution Items", "_Solution Items", "{8E11697C-8185-45F8-AAD0-CC6ADFAC4049}"
	ProjectSection(SolutionItems) = preProject
		azure-pipelines.yml = azure-pipelines.yml
		nuget.config = nuget.config
		README.md = README.md
	EndProjectSection
EndProject
Project("{9A19103F-16F7-4668-BE54-9A1E7A4F7556}") = "OpenH2.Core.CodeGenTests", "OpenH2.Core.CodeGenTests\OpenH2.Core.CodeGenTests.csproj", "{8A10B415-8977-415E-BD9E-E2CB5E1CF7C2}"
EndProject
Project("{9A19103F-16F7-4668-BE54-9A1E7A4F7556}") = "OpenH2.TextureViewer", "OpenH2.TextureViewer\OpenH2.TextureViewer.csproj", "{3D4EBC6C-D23D-439A-9A68-6C9074611AFF}"
EndProject
Project("{9A19103F-16F7-4668-BE54-9A1E7A4F7556}") = "OpenH2.Rendering.Tests", "OpenH2.Rendering.Tests\OpenH2.Rendering.Tests.csproj", "{FFF68A06-37B8-4EBA-9995-4AA99FD3209A}"
EndProject
Project("{9A19103F-16F7-4668-BE54-9A1E7A4F7556}") = "OpenH2.TagFeatureAnalysis", "OpenH2.TagFeatureAnalysis\OpenH2.TagFeatureAnalysis.csproj", "{DF9B8799-B5D5-4646-BBE2-A2451F240F70}"
EndProject
Project("{9A19103F-16F7-4668-BE54-9A1E7A4F7556}") = "OpenH2.Physics", "OpenH2.Physics\OpenH2.Physics.csproj", "{1AA00E4F-5D88-4512-B24F-183871D4DA13}"
EndProject
Project("{2150E333-8FDC-42A3-9474-1A3956D46DE8}") = "External", "External", "{795E77E4-EAD0-45E0-B90A-92F278FB9996}"
EndProject
Project("{9A19103F-16F7-4668-BE54-9A1E7A4F7556}") = "OpenH2.Physx", "OpenH2.Physx\OpenH2.Physx.csproj", "{3B450D9D-960E-4E3E-969E-B5EFBA02B14C}"
EndProject
Project("{9A19103F-16F7-4668-BE54-9A1E7A4F7556}") = "OpenH2.PhysicsModelAnalysis", "OpenH2.PhysicsModelAnalysis\OpenH2.PhysicsModelAnalysis.csproj", "{AD8F60AF-422B-44F5-B5F8-1577D8B5C0E8}"
EndProject
Project("{FAE04EC0-301F-11D3-BF4B-00C04F79EFBC}") = "OpenH2.Foundation.Tests", "OpenH2.Foundation.Tests\OpenH2.Foundation.Tests.csproj", "{E467DB44-C310-48E6-91AE-5C1BEEC62FC9}"
EndProject
Global
	GlobalSection(SolutionConfigurationPlatforms) = preSolution
		Debug|Any CPU = Debug|Any CPU
		Debug|x64 = Debug|x64
		Release|Any CPU = Release|Any CPU
		Release|x64 = Release|x64
	EndGlobalSection
	GlobalSection(ProjectConfigurationPlatforms) = postSolution
		{16A95F0B-F26C-4E38-B6F4-E74E351DE580}.Debug|Any CPU.ActiveCfg = Debug|Any CPU
		{16A95F0B-F26C-4E38-B6F4-E74E351DE580}.Debug|Any CPU.Build.0 = Debug|Any CPU
		{16A95F0B-F26C-4E38-B6F4-E74E351DE580}.Debug|x64.ActiveCfg = Debug|Any CPU
		{16A95F0B-F26C-4E38-B6F4-E74E351DE580}.Debug|x64.Build.0 = Debug|Any CPU
		{16A95F0B-F26C-4E38-B6F4-E74E351DE580}.Release|Any CPU.ActiveCfg = Release|Any CPU
		{16A95F0B-F26C-4E38-B6F4-E74E351DE580}.Release|Any CPU.Build.0 = Release|Any CPU
		{16A95F0B-F26C-4E38-B6F4-E74E351DE580}.Release|x64.ActiveCfg = Release|Any CPU
		{16A95F0B-F26C-4E38-B6F4-E74E351DE580}.Release|x64.Build.0 = Release|Any CPU
		{9EAEBA4C-6905-4CEC-ADAD-FAAA6CE91D8D}.Debug|Any CPU.ActiveCfg = Debug|Any CPU
		{9EAEBA4C-6905-4CEC-ADAD-FAAA6CE91D8D}.Debug|Any CPU.Build.0 = Debug|Any CPU
		{9EAEBA4C-6905-4CEC-ADAD-FAAA6CE91D8D}.Debug|x64.ActiveCfg = Debug|Any CPU
		{9EAEBA4C-6905-4CEC-ADAD-FAAA6CE91D8D}.Debug|x64.Build.0 = Debug|Any CPU
		{9EAEBA4C-6905-4CEC-ADAD-FAAA6CE91D8D}.Release|Any CPU.ActiveCfg = Release|Any CPU
		{9EAEBA4C-6905-4CEC-ADAD-FAAA6CE91D8D}.Release|Any CPU.Build.0 = Release|Any CPU
		{9EAEBA4C-6905-4CEC-ADAD-FAAA6CE91D8D}.Release|x64.ActiveCfg = Release|Any CPU
		{9EAEBA4C-6905-4CEC-ADAD-FAAA6CE91D8D}.Release|x64.Build.0 = Release|Any CPU
		{F592868D-7E27-4845-9795-FF3ABA32E023}.Debug|Any CPU.ActiveCfg = Debug|Any CPU
		{F592868D-7E27-4845-9795-FF3ABA32E023}.Debug|Any CPU.Build.0 = Debug|Any CPU
		{F592868D-7E27-4845-9795-FF3ABA32E023}.Debug|x64.ActiveCfg = Debug|Any CPU
		{F592868D-7E27-4845-9795-FF3ABA32E023}.Debug|x64.Build.0 = Debug|Any CPU
		{F592868D-7E27-4845-9795-FF3ABA32E023}.Release|Any CPU.ActiveCfg = Release|Any CPU
		{F592868D-7E27-4845-9795-FF3ABA32E023}.Release|Any CPU.Build.0 = Release|Any CPU
		{F592868D-7E27-4845-9795-FF3ABA32E023}.Release|x64.ActiveCfg = Release|Any CPU
		{F592868D-7E27-4845-9795-FF3ABA32E023}.Release|x64.Build.0 = Release|Any CPU
		{5B4DF6BA-3185-4C16-8541-8DF45307CE97}.Debug|Any CPU.ActiveCfg = Debug|Any CPU
		{5B4DF6BA-3185-4C16-8541-8DF45307CE97}.Debug|Any CPU.Build.0 = Debug|Any CPU
		{5B4DF6BA-3185-4C16-8541-8DF45307CE97}.Debug|x64.ActiveCfg = Debug|Any CPU
		{5B4DF6BA-3185-4C16-8541-8DF45307CE97}.Debug|x64.Build.0 = Debug|Any CPU
		{5B4DF6BA-3185-4C16-8541-8DF45307CE97}.Release|Any CPU.ActiveCfg = Release|Any CPU
		{5B4DF6BA-3185-4C16-8541-8DF45307CE97}.Release|Any CPU.Build.0 = Release|Any CPU
		{5B4DF6BA-3185-4C16-8541-8DF45307CE97}.Release|x64.ActiveCfg = Release|Any CPU
		{5B4DF6BA-3185-4C16-8541-8DF45307CE97}.Release|x64.Build.0 = Release|Any CPU
		{65D18C27-0FCF-40D4-8286-AFCE46EAFE59}.Debug|Any CPU.ActiveCfg = Debug|Any CPU
		{65D18C27-0FCF-40D4-8286-AFCE46EAFE59}.Debug|Any CPU.Build.0 = Debug|Any CPU
		{65D18C27-0FCF-40D4-8286-AFCE46EAFE59}.Debug|x64.ActiveCfg = Debug|Any CPU
		{65D18C27-0FCF-40D4-8286-AFCE46EAFE59}.Debug|x64.Build.0 = Debug|Any CPU
		{65D18C27-0FCF-40D4-8286-AFCE46EAFE59}.Release|Any CPU.ActiveCfg = Release|Any CPU
		{65D18C27-0FCF-40D4-8286-AFCE46EAFE59}.Release|Any CPU.Build.0 = Release|Any CPU
		{65D18C27-0FCF-40D4-8286-AFCE46EAFE59}.Release|x64.ActiveCfg = Release|Any CPU
		{65D18C27-0FCF-40D4-8286-AFCE46EAFE59}.Release|x64.Build.0 = Release|Any CPU
		{7C93C205-BB27-455D-BA11-8E60DEEEB6FB}.Debug|Any CPU.ActiveCfg = Debug|Any CPU
		{7C93C205-BB27-455D-BA11-8E60DEEEB6FB}.Debug|Any CPU.Build.0 = Debug|Any CPU
		{7C93C205-BB27-455D-BA11-8E60DEEEB6FB}.Debug|x64.ActiveCfg = Debug|Any CPU
		{7C93C205-BB27-455D-BA11-8E60DEEEB6FB}.Debug|x64.Build.0 = Debug|Any CPU
		{7C93C205-BB27-455D-BA11-8E60DEEEB6FB}.Release|Any CPU.ActiveCfg = Release|Any CPU
		{7C93C205-BB27-455D-BA11-8E60DEEEB6FB}.Release|Any CPU.Build.0 = Release|Any CPU
		{7C93C205-BB27-455D-BA11-8E60DEEEB6FB}.Release|x64.ActiveCfg = Release|Any CPU
		{7C93C205-BB27-455D-BA11-8E60DEEEB6FB}.Release|x64.Build.0 = Release|Any CPU
		{0329D7D8-B430-4425-A0D0-F6217398F305}.Debug|Any CPU.ActiveCfg = Debug|Any CPU
		{0329D7D8-B430-4425-A0D0-F6217398F305}.Debug|Any CPU.Build.0 = Debug|Any CPU
		{0329D7D8-B430-4425-A0D0-F6217398F305}.Debug|x64.ActiveCfg = Debug|Any CPU
		{0329D7D8-B430-4425-A0D0-F6217398F305}.Debug|x64.Build.0 = Debug|Any CPU
		{0329D7D8-B430-4425-A0D0-F6217398F305}.Release|Any CPU.ActiveCfg = Release|Any CPU
		{0329D7D8-B430-4425-A0D0-F6217398F305}.Release|Any CPU.Build.0 = Release|Any CPU
		{0329D7D8-B430-4425-A0D0-F6217398F305}.Release|x64.ActiveCfg = Release|Any CPU
		{0329D7D8-B430-4425-A0D0-F6217398F305}.Release|x64.Build.0 = Release|Any CPU
		{7828DCB7-7693-431A-B759-5F3410EA759D}.Debug|Any CPU.ActiveCfg = Debug|Any CPU
		{7828DCB7-7693-431A-B759-5F3410EA759D}.Debug|Any CPU.Build.0 = Debug|Any CPU
		{7828DCB7-7693-431A-B759-5F3410EA759D}.Debug|x64.ActiveCfg = Debug|Any CPU
		{7828DCB7-7693-431A-B759-5F3410EA759D}.Debug|x64.Build.0 = Debug|Any CPU
		{7828DCB7-7693-431A-B759-5F3410EA759D}.Release|Any CPU.ActiveCfg = Release|Any CPU
		{7828DCB7-7693-431A-B759-5F3410EA759D}.Release|Any CPU.Build.0 = Release|Any CPU
		{7828DCB7-7693-431A-B759-5F3410EA759D}.Release|x64.ActiveCfg = Release|Any CPU
		{7828DCB7-7693-431A-B759-5F3410EA759D}.Release|x64.Build.0 = Release|Any CPU
		{286CA99C-A233-4F86-BA35-57720BA24758}.Debug|Any CPU.ActiveCfg = Debug|Any CPU
		{286CA99C-A233-4F86-BA35-57720BA24758}.Debug|Any CPU.Build.0 = Debug|Any CPU
		{286CA99C-A233-4F86-BA35-57720BA24758}.Debug|x64.ActiveCfg = Debug|x64
		{286CA99C-A233-4F86-BA35-57720BA24758}.Debug|x64.Build.0 = Debug|x64
		{286CA99C-A233-4F86-BA35-57720BA24758}.Release|Any CPU.ActiveCfg = Release|Any CPU
		{286CA99C-A233-4F86-BA35-57720BA24758}.Release|Any CPU.Build.0 = Release|Any CPU
		{286CA99C-A233-4F86-BA35-57720BA24758}.Release|x64.ActiveCfg = Release|x64
		{286CA99C-A233-4F86-BA35-57720BA24758}.Release|x64.Build.0 = Release|x64
		{0B79EE83-E45A-427B-A0A8-5C1C262C83DC}.Debug|Any CPU.ActiveCfg = Debug|Any CPU
		{0B79EE83-E45A-427B-A0A8-5C1C262C83DC}.Debug|Any CPU.Build.0 = Debug|Any CPU
		{0B79EE83-E45A-427B-A0A8-5C1C262C83DC}.Debug|x64.ActiveCfg = Debug|Any CPU
		{0B79EE83-E45A-427B-A0A8-5C1C262C83DC}.Debug|x64.Build.0 = Debug|Any CPU
		{0B79EE83-E45A-427B-A0A8-5C1C262C83DC}.Release|Any CPU.ActiveCfg = Release|Any CPU
		{0B79EE83-E45A-427B-A0A8-5C1C262C83DC}.Release|Any CPU.Build.0 = Release|Any CPU
		{0B79EE83-E45A-427B-A0A8-5C1C262C83DC}.Release|x64.ActiveCfg = Release|Any CPU
		{0B79EE83-E45A-427B-A0A8-5C1C262C83DC}.Release|x64.Build.0 = Release|Any CPU
		{8A10B415-8977-415E-BD9E-E2CB5E1CF7C2}.Debug|Any CPU.ActiveCfg = Debug|Any CPU
		{8A10B415-8977-415E-BD9E-E2CB5E1CF7C2}.Debug|Any CPU.Build.0 = Debug|Any CPU
		{8A10B415-8977-415E-BD9E-E2CB5E1CF7C2}.Debug|x64.ActiveCfg = Debug|Any CPU
		{8A10B415-8977-415E-BD9E-E2CB5E1CF7C2}.Debug|x64.Build.0 = Debug|Any CPU
		{8A10B415-8977-415E-BD9E-E2CB5E1CF7C2}.Release|Any CPU.ActiveCfg = Release|Any CPU
		{8A10B415-8977-415E-BD9E-E2CB5E1CF7C2}.Release|Any CPU.Build.0 = Release|Any CPU
		{8A10B415-8977-415E-BD9E-E2CB5E1CF7C2}.Release|x64.ActiveCfg = Release|Any CPU
		{8A10B415-8977-415E-BD9E-E2CB5E1CF7C2}.Release|x64.Build.0 = Release|Any CPU
		{3D4EBC6C-D23D-439A-9A68-6C9074611AFF}.Debug|Any CPU.ActiveCfg = Debug|Any CPU
		{3D4EBC6C-D23D-439A-9A68-6C9074611AFF}.Debug|Any CPU.Build.0 = Debug|Any CPU
		{3D4EBC6C-D23D-439A-9A68-6C9074611AFF}.Debug|x64.ActiveCfg = Debug|Any CPU
		{3D4EBC6C-D23D-439A-9A68-6C9074611AFF}.Debug|x64.Build.0 = Debug|Any CPU
		{3D4EBC6C-D23D-439A-9A68-6C9074611AFF}.Release|Any CPU.ActiveCfg = Release|Any CPU
		{3D4EBC6C-D23D-439A-9A68-6C9074611AFF}.Release|Any CPU.Build.0 = Release|Any CPU
		{3D4EBC6C-D23D-439A-9A68-6C9074611AFF}.Release|x64.ActiveCfg = Release|Any CPU
		{3D4EBC6C-D23D-439A-9A68-6C9074611AFF}.Release|x64.Build.0 = Release|Any CPU
		{FFF68A06-37B8-4EBA-9995-4AA99FD3209A}.Debug|Any CPU.ActiveCfg = Debug|Any CPU
		{FFF68A06-37B8-4EBA-9995-4AA99FD3209A}.Debug|Any CPU.Build.0 = Debug|Any CPU
		{FFF68A06-37B8-4EBA-9995-4AA99FD3209A}.Debug|x64.ActiveCfg = Debug|Any CPU
		{FFF68A06-37B8-4EBA-9995-4AA99FD3209A}.Debug|x64.Build.0 = Debug|Any CPU
		{FFF68A06-37B8-4EBA-9995-4AA99FD3209A}.Release|Any CPU.ActiveCfg = Release|Any CPU
		{FFF68A06-37B8-4EBA-9995-4AA99FD3209A}.Release|Any CPU.Build.0 = Release|Any CPU
		{FFF68A06-37B8-4EBA-9995-4AA99FD3209A}.Release|x64.ActiveCfg = Release|Any CPU
		{FFF68A06-37B8-4EBA-9995-4AA99FD3209A}.Release|x64.Build.0 = Release|Any CPU
		{DF9B8799-B5D5-4646-BBE2-A2451F240F70}.Debug|Any CPU.ActiveCfg = Debug|Any CPU
		{DF9B8799-B5D5-4646-BBE2-A2451F240F70}.Debug|Any CPU.Build.0 = Debug|Any CPU
		{DF9B8799-B5D5-4646-BBE2-A2451F240F70}.Debug|x64.ActiveCfg = Debug|Any CPU
		{DF9B8799-B5D5-4646-BBE2-A2451F240F70}.Debug|x64.Build.0 = Debug|Any CPU
		{DF9B8799-B5D5-4646-BBE2-A2451F240F70}.Release|Any CPU.ActiveCfg = Release|Any CPU
		{DF9B8799-B5D5-4646-BBE2-A2451F240F70}.Release|Any CPU.Build.0 = Release|Any CPU
		{DF9B8799-B5D5-4646-BBE2-A2451F240F70}.Release|x64.ActiveCfg = Release|Any CPU
		{DF9B8799-B5D5-4646-BBE2-A2451F240F70}.Release|x64.Build.0 = Release|Any CPU
		{1AA00E4F-5D88-4512-B24F-183871D4DA13}.Debug|Any CPU.ActiveCfg = Debug|Any CPU
		{1AA00E4F-5D88-4512-B24F-183871D4DA13}.Debug|Any CPU.Build.0 = Debug|Any CPU
		{1AA00E4F-5D88-4512-B24F-183871D4DA13}.Debug|x64.ActiveCfg = Debug|Any CPU
		{1AA00E4F-5D88-4512-B24F-183871D4DA13}.Debug|x64.Build.0 = Debug|Any CPU
		{1AA00E4F-5D88-4512-B24F-183871D4DA13}.Release|Any CPU.ActiveCfg = Release|Any CPU
		{1AA00E4F-5D88-4512-B24F-183871D4DA13}.Release|Any CPU.Build.0 = Release|Any CPU
		{1AA00E4F-5D88-4512-B24F-183871D4DA13}.Release|x64.ActiveCfg = Release|Any CPU
		{1AA00E4F-5D88-4512-B24F-183871D4DA13}.Release|x64.Build.0 = Release|Any CPU
		{3B450D9D-960E-4E3E-969E-B5EFBA02B14C}.Debug|Any CPU.ActiveCfg = Debug|Any CPU
		{3B450D9D-960E-4E3E-969E-B5EFBA02B14C}.Debug|Any CPU.Build.0 = Debug|Any CPU
		{3B450D9D-960E-4E3E-969E-B5EFBA02B14C}.Debug|x64.ActiveCfg = Debug|Any CPU
		{3B450D9D-960E-4E3E-969E-B5EFBA02B14C}.Debug|x64.Build.0 = Debug|Any CPU
		{3B450D9D-960E-4E3E-969E-B5EFBA02B14C}.Release|Any CPU.ActiveCfg = Release|Any CPU
		{3B450D9D-960E-4E3E-969E-B5EFBA02B14C}.Release|Any CPU.Build.0 = Release|Any CPU
		{3B450D9D-960E-4E3E-969E-B5EFBA02B14C}.Release|x64.ActiveCfg = Release|Any CPU
		{3B450D9D-960E-4E3E-969E-B5EFBA02B14C}.Release|x64.Build.0 = Release|Any CPU
		{AD8F60AF-422B-44F5-B5F8-1577D8B5C0E8}.Debug|Any CPU.ActiveCfg = Debug|Any CPU
		{AD8F60AF-422B-44F5-B5F8-1577D8B5C0E8}.Debug|Any CPU.Build.0 = Debug|Any CPU
		{AD8F60AF-422B-44F5-B5F8-1577D8B5C0E8}.Debug|x64.ActiveCfg = Debug|Any CPU
		{AD8F60AF-422B-44F5-B5F8-1577D8B5C0E8}.Debug|x64.Build.0 = Debug|Any CPU
		{AD8F60AF-422B-44F5-B5F8-1577D8B5C0E8}.Release|Any CPU.ActiveCfg = Release|Any CPU
		{AD8F60AF-422B-44F5-B5F8-1577D8B5C0E8}.Release|Any CPU.Build.0 = Release|Any CPU
		{AD8F60AF-422B-44F5-B5F8-1577D8B5C0E8}.Release|x64.ActiveCfg = Release|Any CPU
		{AD8F60AF-422B-44F5-B5F8-1577D8B5C0E8}.Release|x64.Build.0 = Release|Any CPU
		{E467DB44-C310-48E6-91AE-5C1BEEC62FC9}.Debug|Any CPU.ActiveCfg = Debug|Any CPU
		{E467DB44-C310-48E6-91AE-5C1BEEC62FC9}.Debug|Any CPU.Build.0 = Debug|Any CPU
		{E467DB44-C310-48E6-91AE-5C1BEEC62FC9}.Debug|x64.ActiveCfg = Debug|Any CPU
		{E467DB44-C310-48E6-91AE-5C1BEEC62FC9}.Debug|x64.Build.0 = Debug|Any CPU
		{E467DB44-C310-48E6-91AE-5C1BEEC62FC9}.Release|Any CPU.ActiveCfg = Release|Any CPU
		{E467DB44-C310-48E6-91AE-5C1BEEC62FC9}.Release|Any CPU.Build.0 = Release|Any CPU
		{E467DB44-C310-48E6-91AE-5C1BEEC62FC9}.Release|x64.ActiveCfg = Release|Any CPU
		{E467DB44-C310-48E6-91AE-5C1BEEC62FC9}.Release|x64.Build.0 = Release|Any CPU
	EndGlobalSection
	GlobalSection(SolutionProperties) = preSolution
		HideSolutionNode = FALSE
	EndGlobalSection
	GlobalSection(NestedProjects) = preSolution
		{16A95F0B-F26C-4E38-B6F4-E74E351DE580} = {F8FDF358-B807-4FC4-AB33-13D15FB1B906}
		{9EAEBA4C-6905-4CEC-ADAD-FAAA6CE91D8D} = {F8FDF358-B807-4FC4-AB33-13D15FB1B906}
		{F592868D-7E27-4845-9795-FF3ABA32E023} = {D955C66F-CF2B-4A63-A95F-F8D3F98253DF}
		{5B4DF6BA-3185-4C16-8541-8DF45307CE97} = {D955C66F-CF2B-4A63-A95F-F8D3F98253DF}
		{65D18C27-0FCF-40D4-8286-AFCE46EAFE59} = {D955C66F-CF2B-4A63-A95F-F8D3F98253DF}
		{7C93C205-BB27-455D-BA11-8E60DEEEB6FB} = {F8FDF358-B807-4FC4-AB33-13D15FB1B906}
		{0329D7D8-B430-4425-A0D0-F6217398F305} = {F8FDF358-B807-4FC4-AB33-13D15FB1B906}
		{7828DCB7-7693-431A-B759-5F3410EA759D} = {368A54CE-E383-4154-997F-EA2B46E0AC4A}
		{286CA99C-A233-4F86-BA35-57720BA24758} = {D955C66F-CF2B-4A63-A95F-F8D3F98253DF}
		{0B79EE83-E45A-427B-A0A8-5C1C262C83DC} = {F8FDF358-B807-4FC4-AB33-13D15FB1B906}
		{8A10B415-8977-415E-BD9E-E2CB5E1CF7C2} = {F8FDF358-B807-4FC4-AB33-13D15FB1B906}
		{3D4EBC6C-D23D-439A-9A68-6C9074611AFF} = {D955C66F-CF2B-4A63-A95F-F8D3F98253DF}
		{FFF68A06-37B8-4EBA-9995-4AA99FD3209A} = {F8FDF358-B807-4FC4-AB33-13D15FB1B906}
		{DF9B8799-B5D5-4646-BBE2-A2451F240F70} = {D955C66F-CF2B-4A63-A95F-F8D3F98253DF}
		{1AA00E4F-5D88-4512-B24F-183871D4DA13} = {F8FDF358-B807-4FC4-AB33-13D15FB1B906}
		{3B450D9D-960E-4E3E-969E-B5EFBA02B14C} = {795E77E4-EAD0-45E0-B90A-92F278FB9996}
		{AD8F60AF-422B-44F5-B5F8-1577D8B5C0E8} = {D955C66F-CF2B-4A63-A95F-F8D3F98253DF}
		{E467DB44-C310-48E6-91AE-5C1BEEC62FC9} = {F8FDF358-B807-4FC4-AB33-13D15FB1B906}
	EndGlobalSection
	GlobalSection(ExtensibilityGlobals) = postSolution
		SolutionGuid = {D941C8C9-2B2C-47A1-82CB-B045206BA267}
	EndGlobalSection
EndGlobal
